
Microsoft Visual Studio Solution File, Format Version 12.00
# Visual Studio Version 16
VisualStudioVersion = 16.0.31624.102
MinimumVisualStudioVersion = 10.0.40219.1
Project("{FAE04EC0-301F-11D3-BF4B-00C04F79EFBC}") = "ProgrammationConcurrente", "ProgrammationConcurrente\ProgrammationConcurrente.csproj", "{20C39A2F-621C-4E93-BB98-97D635CECDB4}"
EndProject
Global
	GlobalSection(SolutionConfigurationPlatforms) = preSolution
		Debug|Any CPU = Debug|Any CPU
		Release|Any CPU = Release|Any CPU
	EndGlobalSection
	GlobalSection(ProjectConfigurationPlatforms) = postSolution
		{20C39A2F-621C-4E93-BB98-97D635CECDB4}.Debug|Any CPU.ActiveCfg = Debug|Any CPU
		{20C39A2F-621C-4E93-BB98-97D635CECDB4}.Debug|Any CPU.Build.0 = Debug|Any CPU
		{20C39A2F-621C-4E93-BB98-97D635CECDB4}.Release|Any CPU.ActiveCfg = Release|Any CPU
		{20C39A2F-621C-4E93-BB98-97D635CECDB4}.Release|Any CPU.Build.0 = Release|Any CPU
	EndGlobalSection
	GlobalSection(SolutionProperties) = preSolution
		HideSolutionNode = FALSE
	EndGlobalSection
	GlobalSection(ExtensibilityGlobals) = postSolution
		SolutionGuid = {B3D2ADBA-8DFE-40AC-878E-96E005F106B4}
	EndGlobalSection
EndGlobal
